
Microsoft Visual Studio Solution File, Format Version 12.00
# Visual Studio Version 16
VisualStudioVersion = 16.0.31424.327
MinimumVisualStudioVersion = 10.0.40219.1
Project("{FAE04EC0-301F-11D3-BF4B-00C04F79EFBC}") = "Lab7_NguyenHuuThang", "Lab7_NguyenHuuThang\Lab7_NguyenHuuThang.csproj", "{F405B4ED-FCCD-42A9-975F-4FB5CA11B273}"
EndProject
Global
	GlobalSection(SolutionConfigurationPlatforms) = preSolution
		Debug|Any CPU = Debug|Any CPU
		Release|Any CPU = Release|Any CPU
	EndGlobalSection
	GlobalSection(ProjectConfigurationPlatforms) = postSolution
		{F405B4ED-FCCD-42A9-975F-4FB5CA11B273}.Debug|Any CPU.ActiveCfg = Debug|Any CPU
		{F405B4ED-FCCD-42A9-975F-4FB5CA11B273}.Debug|Any CPU.Build.0 = Debug|Any CPU
		{F405B4ED-FCCD-42A9-975F-4FB5CA11B273}.Release|Any CPU.ActiveCfg = Release|Any CPU
		{F405B4ED-FCCD-42A9-975F-4FB5CA11B273}.Release|Any CPU.Build.0 = Release|Any CPU
	EndGlobalSection
	GlobalSection(SolutionProperties) = preSolution
		HideSolutionNode = FALSE
	EndGlobalSection
	GlobalSection(ExtensibilityGlobals) = postSolution
		SolutionGuid = {DF9ACA48-8CE7-49D3-AB03-9081DC3897FE}
	EndGlobalSection
EndGlobal
